
Microsoft Visual Studio Solution File, Format Version 12.00
# Visual Studio 15
VisualStudioVersion = 15.0.28307.705
MinimumVisualStudioVersion = 10.0.40219.1
Project("{F184B08F-C81C-45F6-A57F-5ABD9991F28F}") = "VbRenomearSinapi", "VbRenomearSinapi\VbRenomearSinapi.vbproj", "{9D044E8C-A144-45E5-8C9C-50DDA28E749A}"
EndProject
Global
	GlobalSection(SolutionConfigurationPlatforms) = preSolution
		Debug|Any CPU = Debug|Any CPU
		Release|Any CPU = Release|Any CPU
	EndGlobalSection
	GlobalSection(ProjectConfigurationPlatforms) = postSolution
		{9D044E8C-A144-45E5-8C9C-50DDA28E749A}.Debug|Any CPU.ActiveCfg = Debug|Any CPU
		{9D044E8C-A144-45E5-8C9C-50DDA28E749A}.Debug|Any CPU.Build.0 = Debug|Any CPU
		{9D044E8C-A144-45E5-8C9C-50DDA28E749A}.Release|Any CPU.ActiveCfg = Release|Any CPU
		{9D044E8C-A144-45E5-8C9C-50DDA28E749A}.Release|Any CPU.Build.0 = Release|Any CPU
	EndGlobalSection
	GlobalSection(SolutionProperties) = preSolution
		HideSolutionNode = FALSE
	EndGlobalSection
	GlobalSection(ExtensibilityGlobals) = postSolution
		SolutionGuid = {2C41EAEC-FA7D-4A88-A1E8-981386443A16}
	EndGlobalSection
EndGlobal
